// !$*UTF8*$!
{
	archiveVersion = 1;
	classes = {
	};
	objectVersion = 50;
	objects = {

/* Begin PBXBuildFile section */
		97733AC821EE71DD00BC0826 /* AppDelegate.swift in Sources */ = {isa = PBXBuildFile; fileRef = 97733AC721EE71DD00BC0826 /* AppDelegate.swift */; };
		97733ACA21EE71DD00BC0826 /* ViewController.swift in Sources */ = {isa = PBXBuildFile; fileRef = 97733AC921EE71DD00BC0826 /* ViewController.swift */; };
		97733ACD21EE71DD00BC0826 /* Main.storyboard in Resources */ = {isa = PBXBuildFile; fileRef = 97733ACB21EE71DD00BC0826 /* Main.storyboard */; };
		97733ACF21EE71DE00BC0826 /* Assets.xcassets in Resources */ = {isa = PBXBuildFile; fileRef = 97733ACE21EE71DE00BC0826 /* Assets.xcassets */; };
		97733AD221EE71DE00BC0826 /* LaunchScreen.storyboard in Resources */ = {isa = PBXBuildFile; fileRef = 97733AD021EE71DE00BC0826 /* LaunchScreen.storyboard */; };
		97733ADD21EE71DE00BC0826 /* FirstAppTests.swift in Sources */ = {isa = PBXBuildFile; fileRef = 97733ADC21EE71DE00BC0826 /* FirstAppTests.swift */; };
		97733AE821EE71DE00BC0826 /* FirstAppUITests.swift in Sources */ = {isa = PBXBuildFile; fileRef = 97733AE721EE71DE00BC0826 /* FirstAppUITests.swift */; };
		97733AF621EE896100BC0826 /* cropped-gimp-transparant.png in Resources */ = {isa = PBXBuildFile; fileRef = 97733AF521EE896100BC0826 /* cropped-gimp-transparant.png */; };
/* End PBXBuildFile section */

/* Begin PBXContainerItemProxy section */
		97733AD921EE71DE00BC0826 /* PBXContainerItemProxy */ = {
			isa = PBXContainerItemProxy;
			containerPortal = 97733ABC21EE71DD00BC0826 /* Project object */;
			proxyType = 1;
			remoteGlobalIDString = 97733AC321EE71DD00BC0826;
			remoteInfo = FirstApp;
		};
		97733AE421EE71DE00BC0826 /* PBXContainerItemProxy */ = {
			isa = PBXContainerItemProxy;
			containerPortal = 97733ABC21EE71DD00BC0826 /* Project object */;
			proxyType = 1;
			remoteGlobalIDString = 97733AC321EE71DD00BC0826;
			remoteInfo = FirstApp;
		};
/* End PBXContainerItemProxy section */

/* Begin PBXFileReference section */
		97733AC421EE71DD00BC0826 /* FirstApp.app */ = {isa = PBXFileReference; explicitFileType = wrapper.application; includeInIndex = 0; path = FirstApp.app; sourceTree = BUILT_PRODUCTS_DIR; };
		97733AC721EE71DD00BC0826 /* AppDelegate.swift */ = {isa = PBXFileReference; lastKnownFileType = sourcecode.swift; path = AppDelegate.swift; sourceTree = "<group>"; };
		97733AC921EE71DD00BC0826 /* ViewController.swift */ = {isa = PBXFileReference; lastKnownFileType = sourcecode.swift; path = ViewController.swift; sourceTree = "<group>"; };
		97733ACC21EE71DD00BC0826 /* Base */ = {isa = PBXFileReference; lastKnownFileType = file.storyboard; name = Base; path = Base.lproj/Main.storyboard; sourceTree = "<group>"; };
		97733ACE21EE71DE00BC0826 /* Assets.xcassets */ = {isa = PBXFileReference; lastKnownFileType = folder.assetcatalog; path = Assets.xcassets; sourceTree = "<group>"; };
		97733AD121EE71DE00BC0826 /* Base */ = {isa = PBXFileReference; lastKnownFileType = file.storyboard; name = Base; path = Base.lproj/LaunchScreen.storyboard; sourceTree = "<group>"; };
		97733AD321EE71DE00BC0826 /* Info.plist */ = {isa = PBXFileReference; lastKnownFileType = text.plist.xml; path = Info.plist; sourceTree = "<group>"; };
		97733AD821EE71DE00BC0826 /* FirstAppTests.xctest */ = {isa = PBXFileReference; explicitFileType = wrapper.cfbundle; includeInIndex = 0; path = FirstAppTests.xctest; sourceTree = BUILT_PRODUCTS_DIR; };
		97733ADC21EE71DE00BC0826 /* FirstAppTests.swift */ = {isa = PBXFileReference; lastKnownFileType = sourcecode.swift; path = FirstAppTests.swift; sourceTree = "<group>"; };
		97733ADE21EE71DE00BC0826 /* Info.plist */ = {isa = PBXFileReference; lastKnownFileType = text.plist.xml; path = Info.plist; sourceTree = "<group>"; };
		97733AE321EE71DE00BC0826 /* FirstAppUITests.xctest */ = {isa = PBXFileReference; explicitFileType = wrapper.cfbundle; includeInIndex = 0; path = FirstAppUITests.xctest; sourceTree = BUILT_PRODUCTS_DIR; };
		97733AE721EE71DE00BC0826 /* FirstAppUITests.swift */ = {isa = PBXFileReference; lastKnownFileType = sourcecode.swift; path = FirstAppUITests.swift; sourceTree = "<group>"; };
		97733AE921EE71DE00BC0826 /* Info.plist */ = {isa = PBXFileReference; lastKnownFileType = text.plist.xml; path = Info.plist; sourceTree = "<group>"; };
		97733AF521EE896100BC0826 /* cropped-gimp-transparant.png */ = {isa = PBXFileReference; lastKnownFileType = image.png; name = "cropped-gimp-transparant.png"; path = "../../../../Dropbox/Photos/Foto's/Nicole en Ik/cropped-gimp-transparant.png"; sourceTree = "<group>"; };
/* End PBXFileReference section */

/* Begin PBXFrameworksBuildPhase section */
		97733AC121EE71DD00BC0826 /* Frameworks */ = {
			isa = PBXFrameworksBuildPhase;
			buildActionMask = 2147483647;
			files = (
			);
			runOnlyForDeploymentPostprocessing = 0;
		};
		97733AD521EE71DE00BC0826 /* Frameworks */ = {
			isa = PBXFrameworksBuildPhase;
			buildActionMask = 2147483647;
			files = (
			);
			runOnlyForDeploymentPostprocessing = 0;
		};
		97733AE021EE71DE00BC0826 /* Frameworks */ = {
			isa = PBXFrameworksBuildPhase;
			buildActionMask = 2147483647;
			files = (
			);
			runOnlyForDeploymentPostprocessing = 0;
		};
/* End PBXFrameworksBuildPhase section */

/* Begin PBXGroup section */
		97733ABB21EE71DD00BC0826 = {
			isa = PBXGroup;
			children = (
				97733AC621EE71DD00BC0826 /* FirstApp */,
				97733ADB21EE71DE00BC0826 /* FirstAppTests */,
				97733AE621EE71DE00BC0826 /* FirstAppUITests */,
				97733AC521EE71DD00BC0826 /* Products */,
			);
			sourceTree = "<group>";
		};
		97733AC521EE71DD00BC0826 /* Products */ = {
			isa = PBXGroup;
			children = (
				97733AC421EE71DD00BC0826 /* FirstApp.app */,
				97733AD821EE71DE00BC0826 /* FirstAppTests.xctest */,
				97733AE321EE71DE00BC0826 /* FirstAppUITests.xctest */,
			);
			name = Products;
			sourceTree = "<group>";
		};
		97733AC621EE71DD00BC0826 /* FirstApp */ = {
			isa = PBXGroup;
			children = (
				97733AC721EE71DD00BC0826 /* AppDelegate.swift */,
				97733AC921EE71DD00BC0826 /* ViewController.swift */,
				97733ACB21EE71DD00BC0826 /* Main.storyboard */,
				97733ACE21EE71DE00BC0826 /* Assets.xcassets */,
				97733AF521EE896100BC0826 /* cropped-gimp-transparant.png */,
				97733AD021EE71DE00BC0826 /* LaunchScreen.storyboard */,
				97733AD321EE71DE00BC0826 /* Info.plist */,
			);
			path = FirstApp;
			sourceTree = "<group>";
		};
		97733ADB21EE71DE00BC0826 /* FirstAppTests */ = {
			isa = PBXGroup;
			children = (
				97733ADC21EE71DE00BC0826 /* FirstAppTests.swift */,
				97733ADE21EE71DE00BC0826 /* Info.plist */,
			);
			path = FirstAppTests;
			sourceTree = "<group>";
		};
		97733AE621EE71DE00BC0826 /* FirstAppUITests */ = {
			isa = PBXGroup;
			children = (
				97733AE721EE71DE00BC0826 /* FirstAppUITests.swift */,
				97733AE921EE71DE00BC0826 /* Info.plist */,
			);
			path = FirstAppUITests;
			sourceTree = "<group>";
		};
/* End PBXGroup section */

/* Begin PBXNativeTarget section */
		97733AC321EE71DD00BC0826 /* FirstApp */ = {
			isa = PBXNativeTarget;
			buildConfigurationList = 97733AEC21EE71DE00BC0826 /* Build configuration list for PBXNativeTarget "FirstApp" */;
			buildPhases = (
				97733AC021EE71DD00BC0826 /* Sources */,
				97733AC121EE71DD00BC0826 /* Frameworks */,
				97733AC221EE71DD00BC0826 /* Resources */,
			);
			buildRules = (
			);
			dependencies = (
			);
			name = FirstApp;
			productName = FirstApp;
			productReference = 97733AC421EE71DD00BC0826 /* FirstApp.app */;
			productType = "com.apple.product-type.application";
		};
		97733AD721EE71DE00BC0826 /* FirstAppTests */ = {
			isa = PBXNativeTarget;
			buildConfigurationList = 97733AEF21EE71DE00BC0826 /* Build configuration list for PBXNativeTarget "FirstAppTests" */;
			buildPhases = (
				97733AD421EE71DE00BC0826 /* Sources */,
				97733AD521EE71DE00BC0826 /* Frameworks */,
				97733AD621EE71DE00BC0826 /* Resources */,
			);
			buildRules = (
			);
			dependencies = (
				97733ADA21EE71DE00BC0826 /* PBXTargetDependency */,
			);
			name = FirstAppTests;
			productName = FirstAppTests;
			productReference = 97733AD821EE71DE00BC0826 /* FirstAppTests.xctest */;
			productType = "com.apple.product-type.bundle.unit-test";
		};
		97733AE221EE71DE00BC0826 /* FirstAppUITests */ = {
			isa = PBXNativeTarget;
			buildConfigurationList = 97733AF221EE71DE00BC0826 /* Build configuration list for PBXNativeTarget "FirstAppUITests" */;
			buildPhases = (
				97733ADF21EE71DE00BC0826 /* Sources */,
				97733AE021EE71DE00BC0826 /* Frameworks */,
				97733AE121EE71DE00BC0826 /* Resources */,
			);
			buildRules = (
			);
			dependencies = (
				97733AE521EE71DE00BC0826 /* PBXTargetDependency */,
			);
			name = FirstAppUITests;
			productName = FirstAppUITests;
			productReference = 97733AE321EE71DE00BC0826 /* FirstAppUITests.xctest */;
			productType = "com.apple.product-type.bundle.ui-testing";
		};
/* End PBXNativeTarget section */

/* Begin PBXProject section */
		97733ABC21EE71DD00BC0826 /* Project object */ = {
			isa = PBXProject;
			attributes = {
				LastSwiftUpdateCheck = 1010;
				LastUpgradeCheck = 1010;
				TargetAttributes = {
					97733AC321EE71DD00BC0826 = {
						CreatedOnToolsVersion = 10.1;
					};
					97733AD721EE71DE00BC0826 = {
						CreatedOnToolsVersion = 10.1;
						TestTargetID = 97733AC321EE71DD00BC0826;
					};
					97733AE221EE71DE00BC0826 = {
						CreatedOnToolsVersion = 10.1;
						TestTargetID = 97733AC321EE71DD00BC0826;
					};
				};
			};
			buildConfigurationList = 97733ABF21EE71DD00BC0826 /* Build configuration list for PBXProject "FirstApp" */;
			compatibilityVersion = "Xcode 9.3";
			developmentRegion = en;
			hasScannedForEncodings = 0;
			knownRegions = (
				en,
				Base,
			);
			mainGroup = 97733ABB21EE71DD00BC0826;
			productRefGroup = 97733AC521EE71DD00BC0826 /* Products */;
			projectDirPath = "";
			projectRoot = "";
			targets = (
				97733AC321EE71DD00BC0826 /* FirstApp */,
				97733AD721EE71DE00BC0826 /* FirstAppTests */,
				97733AE221EE71DE00BC0826 /* FirstAppUITests */,
			);
		};
/* End PBXProject section */

/* Begin PBXResourcesBuildPhase section */
		97733AC221EE71DD00BC0826 /* Resources */ = {
			isa = PBXResourcesBuildPhase;
			buildActionMask = 2147483647;
			files = (
				97733AD221EE71DE00BC0826 /* LaunchScreen.storyboard in Resources */,
				97733AF621EE896100BC0826 /* cropped-gimp-transparant.png in Resources */,
				97733ACF21EE71DE00BC0826 /* Assets.xcassets in Resources */,
				97733ACD21EE71DD00BC0826 /* Main.storyboard in Resources */,
			);
			runOnlyForDeploymentPostprocessing = 0;
		};
		97733AD621EE71DE00BC0826 /* Resources */ = {
			isa = PBXResourcesBuildPhase;
			buildActionMask = 2147483647;
			files = (
			);
			runOnlyForDeploymentPostprocessing = 0;
		};
		97733AE121EE71DE00BC0826 /* Resources */ = {
			isa = PBXResourcesBuildPhase;
			buildActionMask = 2147483647;
			files = (
			);
			runOnlyForDeploymentPostprocessing = 0;
		};
/* End PBXResourcesBuildPhase section */

/* Begin PBXSourcesBuildPhase section */
		97733AC021EE71DD00BC0826 /* Sources */ = {
			isa = PBXSourcesBuildPhase;
			buildActionMask = 2147483647;
			files = (
				97733ACA21EE71DD00BC0826 /* ViewController.swift in Sources */,
				97733AC821EE71DD00BC0826 /* AppDelegate.swift in Sources */,
			);
			runOnlyForDeploymentPostprocessing = 0;
		};
		97733AD421EE71DE00BC0826 /* Sources */ = {
			isa = PBXSourcesBuildPhase;
			buildActionMask = 2147483647;
			files = (
				97733ADD21EE71DE00BC0826 /* FirstAppTests.swift in Sources */,
			);
			runOnlyForDeploymentPostprocessing = 0;
		};
		97733ADF21EE71DE00BC0826 /* Sources */ = {
			isa = PBXSourcesBuildPhase;
			buildActionMask = 2147483647;
			files = (
				97733AE821EE71DE00BC0826 /* FirstAppUITests.swift in Sources */,
			);
			runOnlyForDeploymentPostprocessing = 0;
		};
/* End PBXSourcesBuildPhase section */

/* Begin PBXTargetDependency section */
		97733ADA21EE71DE00BC0826 /* PBXTargetDependency */ = {
			isa = PBXTargetDependency;
			target = 97733AC321EE71DD00BC0826 /* FirstApp */;
			targetProxy = 97733AD921EE71DE00BC0826 /* PBXContainerItemProxy */;
		};
		97733AE521EE71DE00BC0826 /* PBXTargetDependency */ = {
			isa = PBXTargetDependency;
			target = 97733AC321EE71DD00BC0826 /* FirstApp */;
			targetProxy = 97733AE421EE71DE00BC0826 /* PBXContainerItemProxy */;
		};
/* End PBXTargetDependency section */

/* Begin PBXVariantGroup section */
		97733ACB21EE71DD00BC0826 /* Main.storyboard */ = {
			isa = PBXVariantGroup;
			children = (
				97733ACC21EE71DD00BC0826 /* Base */,
			);
			name = Main.storyboard;
			sourceTree = "<group>";
		};
		97733AD021EE71DE00BC0826 /* LaunchScreen.storyboard */ = {
			isa = PBXVariantGroup;
			children = (
				97733AD121EE71DE00BC0826 /* Base */,
			);
			name = LaunchScreen.storyboard;
			sourceTree = "<group>";
		};
/* End PBXVariantGroup section */

/* Begin XCBuildConfiguration section */
		97733AEA21EE71DE00BC0826 /* Debug */ = {
			isa = XCBuildConfiguration;
			buildSettings = {
				ALWAYS_SEARCH_USER_PATHS = NO;
				CLANG_ANALYZER_NONNULL = YES;
				CLANG_ANALYZER_NUMBER_OBJECT_CONVERSION = YES_AGGRESSIVE;
				CLANG_CXX_LANGUAGE_STANDARD = "gnu++14";
				CLANG_CXX_LIBRARY = "libc++";
				CLANG_ENABLE_MODULES = YES;
				CLANG_ENABLE_OBJC_ARC = YES;
				CLANG_ENABLE_OBJC_WEAK = YES;
				CLANG_WARN_BLOCK_CAPTURE_AUTORELEASING = YES;
				CLANG_WARN_BOOL_CONVERSION = YES;
				CLANG_WARN_COMMA = YES;
				CLANG_WARN_CONSTANT_CONVERSION = YES;
				CLANG_WARN_DEPRECATED_OBJC_IMPLEMENTATIONS = YES;
				CLANG_WARN_DIRECT_OBJC_ISA_USAGE = YES_ERROR;
				CLANG_WARN_DOCUMENTATION_COMMENTS = YES;
				CLANG_WARN_EMPTY_BODY = YES;
				CLANG_WARN_ENUM_CONVERSION = YES;
				CLANG_WARN_INFINITE_RECURSION = YES;
				CLANG_WARN_INT_CONVERSION = YES;
				CLANG_WARN_NON_LITERAL_NULL_CONVERSION = YES;
				CLANG_WARN_OBJC_IMPLICIT_RETAIN_SELF = YES;
				CLANG_WARN_OBJC_LITERAL_CONVERSION = YES;
				CLANG_WARN_OBJC_ROOT_CLASS = YES_ERROR;
				CLANG_WARN_RANGE_LOOP_ANALYSIS = YES;
				CLANG_WARN_STRICT_PROTOTYPES = YES;
				CLANG_WARN_SUSPICIOUS_MOVE = YES;
				CLANG_WARN_UNGUARDED_AVAILABILITY = YES_AGGRESSIVE;
				CLANG_WARN_UNREACHABLE_CODE = YES;
				CLANG_WARN__DUPLICATE_METHOD_MATCH = YES;
				CODE_SIGN_IDENTITY = "iPhone Developer";
				COPY_PHASE_STRIP = NO;
				DEBUG_INFORMATION_FORMAT = dwarf;
				ENABLE_STRICT_OBJC_MSGSEND = YES;
				ENABLE_TESTABILITY = YES;
				GCC_C_LANGUAGE_STANDARD = gnu11;
				GCC_DYNAMIC_NO_PIC = NO;
				GCC_NO_COMMON_BLOCKS = YES;
				GCC_OPTIMIZATION_LEVEL = 0;
				GCC_PREPROCESSOR_DEFINITIONS = (
					"DEBUG=1",
					"$(inherited)",
				);
				GCC_WARN_64_TO_32_BIT_CONVERSION = YES;
				GCC_WARN_ABOUT_RETURN_TYPE = YES_ERROR;
				GCC_WARN_UNDECLARED_SELECTOR = YES;
				GCC_WARN_UNINITIALIZED_AUTOS = YES_AGGRESSIVE;
				GCC_WARN_UNUSED_FUNCTION = YES;
				GCC_WARN_UNUSED_VARIABLE = YES;
				IPHONEOS_DEPLOYMENT_TARGET = 12.1;
				MTL_ENABLE_DEBUG_INFO = INCLUDE_SOURCE;
				MTL_FAST_MATH = YES;
				ONLY_ACTIVE_ARCH = YES;
				SDKROOT = iphoneos;
				SWIFT_ACTIVE_COMPILATION_CONDITIONS = DEBUG;
				SWIFT_OPTIMIZATION_LEVEL = "-Onone";
			};
			name = Debug;
		};
		97733AEB21EE71DE00BC0826 /* Release */ = {
			isa = XCBuildConfiguration;
			buildSettings = {
				ALWAYS_SEARCH_USER_PATHS = NO;
				CLANG_ANALYZER_NONNULL = YES;
				CLANG_ANALYZER_NUMBER_OBJECT_CONVERSION = YES_AGGRESSIVE;
				CLANG_CXX_LANGUAGE_STANDARD = "gnu++14";
				CLANG_CXX_LIBRARY = "libc++";
				CLANG_ENABLE_MODULES = YES;
				CLANG_ENABLE_OBJC_ARC = YES;
				CLANG_ENABLE_OBJC_WEAK = YES;
				CLANG_WARN_BLOCK_CAPTURE_AUTORELEASING = YES;
				CLANG_WARN_BOOL_CONVERSION = YES;
				CLANG_WARN_COMMA = YES;
				CLANG_WARN_CONSTANT_CONVERSION = YES;
				CLANG_WARN_DEPRECATED_OBJC_IMPLEMENTATIONS = YES;
				CLANG_WARN_DIRECT_OBJC_ISA_USAGE = YES_ERROR;
				CLANG_WARN_DOCUMENTATION_COMMENTS = YES;
				CLANG_WARN_EMPTY_BODY = YES;
				CLANG_WARN_ENUM_CONVERSION = YES;
				CLANG_WARN_INFINITE_RECURSION = YES;
				CLANG_WARN_INT_CONVERSION = YES;
				CLANG_WARN_NON_LITERAL_NULL_CONVERSION = YES;
				CLANG_WARN_OBJC_IMPLICIT_RETAIN_SELF = YES;
				CLANG_WARN_OBJC_LITERAL_CONVERSION = YES;
				CLANG_WARN_OBJC_ROOT_CLASS = YES_ERROR;
				CLANG_WARN_RANGE_LOOP_ANALYSIS = YES;
				CLANG_WARN_STRICT_PROTOTYPES = YES;
				CLANG_WARN_SUSPICIOUS_MOVE = YES;
				CLANG_WARN_UNGUARDED_AVAILABILITY = YES_AGGRESSIVE;
				CLANG_WARN_UNREACHABLE_CODE = YES;
				CLANG_WARN__DUPLICATE_METHOD_MATCH = YES;
				CODE_SIGN_IDENTITY = "iPhone Developer";
				COPY_PHASE_STRIP = NO;
				DEBUG_INFORMATION_FORMAT = "dwarf-with-dsym";
				ENABLE_NS_ASSERTIONS = NO;
				ENABLE_STRICT_OBJC_MSGSEND = YES;
				GCC_C_LANGUAGE_STANDARD = gnu11;
				GCC_NO_COMMON_BLOCKS = YES;
				GCC_WARN_64_TO_32_BIT_CONVERSION = YES;
				GCC_WARN_ABOUT_RETURN_TYPE = YES_ERROR;
				GCC_WARN_UNDECLARED_SELECTOR = YES;
				GCC_WARN_UNINITIALIZED_AUTOS = YES_AGGRESSIVE;
				GCC_WARN_UNUSED_FUNCTION = YES;
				GCC_WARN_UNUSED_VARIABLE = YES;
				IPHONEOS_DEPLOYMENT_TARGET = 12.1;
				MTL_ENABLE_DEBUG_INFO = NO;
				MTL_FAST_MATH = YES;
				SDKROOT = iphoneos;
				SWIFT_COMPILATION_MODE = wholemodule;
				SWIFT_OPTIMIZATION_LEVEL = "-O";
				VALIDATE_PRODUCT = YES;
			};
			name = Release;
		};
		97733AED21EE71DE00BC0826 /* Debug */ = {
			isa = XCBuildConfiguration;
			buildSettings = {
				ASSETCATALOG_COMPILER_APPICON_NAME = AppIcon;
				CODE_SIGN_STYLE = Automatic;
				INFOPLIST_FILE = FirstApp/Info.plist;
				LD_RUNPATH_SEARCH_PATHS = (
					"$(inherited)",
					"@executable_path/Frameworks",
				);
				PRODUCT_BUNDLE_IDENTIFIER = nl.lltm.FirstApp;
				PRODUCT_NAME = "$(TARGET_NAME)";
				SWIFT_VERSION = 4.2;
				TARGETED_DEVICE_FAMILY = "1,2";
			};
			name = Debug;
		};
		97733AEE21EE71DE00BC0826 /* Release */ = {
			isa = XCBuildConfiguration;
			buildSettings = {
				ASSETCATALOG_COMPILER_APPICON_NAME = AppIcon;
				CODE_SIGN_STYLE = Automatic;
				INFOPLIST_FILE = FirstApp/Info.plist;
				LD_RUNPATH_SEARCH_PATHS = (
					"$(inherited)",
					"@executable_path/Frameworks",
				);
				PRODUCT_BUNDLE_IDENTIFIER = nl.lltm.FirstApp;
				PRODUCT_NAME = "$(TARGET_NAME)";
				SWIFT_VERSION = 4.2;
				TARGETED_DEVICE_FAMILY = "1,2";
			};
			name = Release;
		};
		97733AF021EE71DE00BC0826 /* Debug */ = {
			isa = XCBuildConfiguration;
			buildSettings = {
				ALWAYS_EMBED_SWIFT_STANDARD_LIBRARIES = YES;
				BUNDLE_LOADER = "$(TEST_HOST)";
				CODE_SIGN_STYLE = Automatic;
				INFOPLIST_FILE = FirstAppTests/Info.plist;
				LD_RUNPATH_SEARCH_PATHS = (
					"$(inherited)",
					"@executable_path/Frameworks",
					"@loader_path/Frameworks",
				);
				PRODUCT_BUNDLE_IDENTIFIER = nl.lltm.FirstAppTests;
				PRODUCT_NAME = "$(TARGET_NAME)";
				SWIFT_VERSION = 4.2;
				TARGETED_DEVICE_FAMILY = "1,2";
				TEST_HOST = "$(BUILT_PRODUCTS_DIR)/FirstApp.app/FirstApp";
			};
			name = Debug;
		};
		97733AF121EE71DE00BC0826 /* Release */ = {
			isa = XCBuildConfiguration;
			buildSettings = {
				ALWAYS_EMBED_SWIFT_STANDARD_LIBRARIES = YES;
				BUNDLE_LOADER = "$(TEST_HOST)";
				CODE_SIGN_STYLE = Automatic;
				INFOPLIST_FILE = FirstAppTests/Info.plist;
				LD_RUNPATH_SEARCH_PATHS = (
					"$(inherited)",
					"@executable_path/Frameworks",
					"@loader_path/Frameworks",
				);
				PRODUCT_BUNDLE_IDENTIFIER = nl.lltm.FirstAppTests;
				PRODUCT_NAME = "$(TARGET_NAME)";
				SWIFT_VERSION = 4.2;
				TARGETED_DEVICE_FAMILY = "1,2";
				TEST_HOST = "$(BUILT_PRODUCTS_DIR)/FirstApp.app/FirstApp";
			};
			name = Release;
		};
		97733AF321EE71DE00BC0826 /* Debug */ = {
			isa = XCBuildConfiguration;
			buildSettings = {
				ALWAYS_EMBED_SWIFT_STANDARD_LIBRARIES = YES;
				CODE_SIGN_STYLE = Automatic;
				INFOPLIST_FILE = FirstAppUITests/Info.plist;
				LD_RUNPATH_SEARCH_PATHS = (
					"$(inherited)",
					"@executable_path/Frameworks",
					"@loader_path/Frameworks",
				);
				PRODUCT_BUNDLE_IDENTIFIER = nl.lltm.FirstAppUITests;
				PRODUCT_NAME = "$(TARGET_NAME)";
				SWIFT_VERSION = 4.2;
				TARGETED_DEVICE_FAMILY = "1,2";
				TEST_TARGET_NAME = FirstApp;
			};
			name = Debug;
		};
		97733AF421EE71DE00BC0826 /* Release */ = {
			isa = XCBuildConfiguration;
			buildSettings = {
				ALWAYS_EMBED_SWIFT_STANDARD_LIBRARIES = YES;
				CODE_SIGN_STYLE = Automatic;
				INFOPLIST_FILE = FirstAppUITests/Info.plist;
				LD_RUNPATH_SEARCH_PATHS = (
					"$(inherited)",
					"@executable_path/Frameworks",
					"@loader_path/Frameworks",
				);
				PRODUCT_BUNDLE_IDENTIFIER = nl.lltm.FirstAppUITests;
				PRODUCT_NAME = "$(TARGET_NAME)";
				SWIFT_VERSION = 4.2;
				TARGETED_DEVICE_FAMILY = "1,2";
				TEST_TARGET_NAME = FirstApp;
			};
			name = Release;
		};
/* End XCBuildConfiguration section */

/* Begin XCConfigurationList section */
		97733ABF21EE71DD00BC0826 /* Build configuration list for PBXProject "FirstApp" */ = {
			isa = XCConfigurationList;
			buildConfigurations = (
				97733AEA21EE71DE00BC0826 /* Debug */,
				97733AEB21EE71DE00BC0826 /* Release */,
			);
			defaultConfigurationIsVisible = 0;
			defaultConfigurationName = Release;
		};
		97733AEC21EE71DE00BC0826 /* Build configuration list for PBXNativeTarget "FirstApp" */ = {
			isa = XCConfigurationList;
			buildConfigurations = (
				97733AED21EE71DE00BC0826 /* Debug */,
				97733AEE21EE71DE00BC0826 /* Release */,
			);
			defaultConfigurationIsVisible = 0;
			defaultConfigurationName = Release;
		};
		97733AEF21EE71DE00BC0826 /* Build configuration list for PBXNativeTarget "FirstAppTests" */ = {
			isa = XCConfigurationList;
			buildConfigurations = (
				97733AF021EE71DE00BC0826 /* Debug */,
				97733AF121EE71DE00BC0826 /* Release */,
			);
			defaultConfigurationIsVisible = 0;
			defaultConfigurationName = Release;
		};
		97733AF221EE71DE00BC0826 /* Build configuration list for PBXNativeTarget "FirstAppUITests" */ = {
			isa = XCConfigurationList;
			buildConfigurations = (
				97733AF321EE71DE00BC0826 /* Debug */,
				97733AF421EE71DE00BC0826 /* Release */,
			);
			defaultConfigurationIsVisible = 0;
			defaultConfigurationName = Release;
		};
/* End XCConfigurationList section */
	};
	rootObject = 97733ABC21EE71DD00BC0826 /* Project object */;
}
